{
  "nodes": {
    "home-manager": {
      "inputs": {
        "nixpkgs": [
          "nixpkgs"
        ]
      },
      "locked": {
        "lastModified": 1778009629,
        "narHash": "sha256-nUoQtf4Zq7DRYJrfv904hjrxjAlWVP6a1pNNFKx3FCg=",
        "owner": "nix-community",
        "repo": "home-manager",
        "rev": "00ed86e58bb6979a7921859fd1615d19382eac5c",
        "type": "github"
      },
      "original": {
        "owner": "nix-community",
        "repo": "home-manager",
        "type": "github"
      }
    },
    "home-manager_2": {
      "inputs": {
        "nixpkgs": [
          "ned",
          "nixpkgs"
        ]
      },
      "locked": {
        "lastModified": 1778009629,
        "narHash": "sha256-nUoQtf4Zq7DRYJrfv904hjrxjAlWVP6a1pNNFKx3FCg=",
        "owner": "nix-community",
        "repo": "home-manager",
        "rev": "00ed86e58bb6979a7921859fd1615d19382eac5c",
        "type": "github"
      },
      "original": {
        "owner": "nix-community",
        "repo": "home-manager",
        "type": "github"
      }
    },
    "import-tree": {
      "locked": {
        "lastModified": 1773693634,
        "narHash": "sha256-BtZ2dtkBdSUnFPPFc+n0kcMbgaTxzFNPv2iaO326Ffg=",
        "owner": "denful",
        "repo": "import-tree",
        "rev": "c41e7d58045f9057880b0d85e1152d6a4430dbf1",
        "type": "github"
      },
      "original": {
        "owner": "denful",
        "repo": "import-tree",
        "type": "github"
      }
    },
    "import-tree_2": {
      "locked": {
        "lastModified": 1773693634,
        "narHash": "sha256-BtZ2dtkBdSUnFPPFc+n0kcMbgaTxzFNPv2iaO326Ffg=",
        "owner": "denful",
        "repo": "import-tree",
        "rev": "c41e7d58045f9057880b0d85e1152d6a4430dbf1",
        "type": "github"
      },
      "original": {
        "owner": "denful",
        "repo": "import-tree",
        "type": "github"
      }
    },
    "ned": {
      "inputs": {
        "home-manager": "home-manager_2",
        "import-tree": "import-tree_2",
        "nix-darwin": "nix-darwin",
        "nix-effects": "nix-effects",
        "nixpkgs": "nixpkgs"
      },
      "locked": {
        "lastModified": 1778197689,
        "narHash": "sha256-KIADiMz4YXfI+OMBR0XLPAanQKbvw+tNi9W5rTR8DSQ=",
        "owner": "denful",
        "repo": "ned",
        "rev": "fa54a19ca00eff4a891d96894a49697eef2be3be",
        "type": "github"
      },
      "original": {
        "owner": "denful",
        "repo": "ned",
        "type": "github"
      }
    },
    "nix-darwin": {
      "inputs": {
        "nixpkgs": [
          "ned",
          "nixpkgs"
        ]
      },
      "locked": {
        "lastModified": 1777780666,
        "narHash": "sha256-8wURyQMdDkGUarSTKOGdCuFfYiwa3HbzwscUfn3STDE=",
        "owner": "nix-darwin",
        "repo": "nix-darwin",
        "rev": "8c62fba0854ba15c8917aed18894dbccb48a3777",
        "type": "github"
      },
      "original": {
        "owner": "nix-darwin",
        "repo": "nix-darwin",
        "type": "github"
      }
    },
    "nix-darwin_2": {
      "inputs": {
        "nixpkgs": [
          "nixpkgs"
        ]
      },
      "locked": {
        "lastModified": 1777780666,
        "narHash": "sha256-8wURyQMdDkGUarSTKOGdCuFfYiwa3HbzwscUfn3STDE=",
        "owner": "nix-darwin",
        "repo": "nix-darwin",
        "rev": "8c62fba0854ba15c8917aed18894dbccb48a3777",
        "type": "github"
      },
      "original": {
        "owner": "nix-darwin",
        "repo": "nix-darwin",
        "type": "github"
      }
    },
    "nix-effects": {
      "flake": false,
      "locked": {
        "lastModified": 1777984470,
        "narHash": "sha256-FOLBjScQwlHPhoHkaCQkAibwd6DR5+geM7fEhrw7saM=",
        "owner": "denful",
        "repo": "nix-effects",
        "rev": "44b08c3d50ce5778d59e74ae1f11243ca1cf9df1",
        "type": "github"
      },
      "original": {
        "owner": "denful",
        "ref": "push-pyplsuktytks",
        "repo": "nix-effects",
        "type": "github"
      }
    },
    "nix-effects_2": {
      "flake": false,
      "locked": {
        "lastModified": 1777984470,
        "narHash": "sha256-FOLBjScQwlHPhoHkaCQkAibwd6DR5+geM7fEhrw7saM=",
        "owner": "denful",
        "repo": "nix-effects",
        "rev": "44b08c3d50ce5778d59e74ae1f11243ca1cf9df1",
        "type": "github"
      },
      "original": {
        "owner": "denful",
        "ref": "push-pyplsuktytks",
        "repo": "nix-effects",
        "type": "github"
      }
    },
    "nixpkgs": {
      "locked": {
        "lastModified": 1777946660,
        "narHash": "sha256-iw3XDIG6xxk+AZTcawCLHf6i9i4tXRzLZEoV9xhRToQ=",
        "owner": "nixos",
        "repo": "nixpkgs",
        "rev": "bc57abace07689cfd34203aa5fb4027514895987",
        "type": "github"
      },
      "original": {
        "owner": "nixos",
        "ref": "nixpkgs-unstable",
        "repo": "nixpkgs",
        "type": "github"
      }
    },
    "nixpkgs_2": {
      "locked": {
        "lastModified": 1777946660,
        "narHash": "sha256-iw3XDIG6xxk+AZTcawCLHf6i9i4tXRzLZEoV9xhRToQ=",
        "owner": "nixos",
        "repo": "nixpkgs",
        "rev": "bc57abace07689cfd34203aa5fb4027514895987",
        "type": "github"
      },
      "original": {
        "owner": "nixos",
        "ref": "nixpkgs-unstable",
        "repo": "nixpkgs",
        "type": "github"
      }
    },
    "root": {
      "inputs": {
        "home-manager": "home-manager",
        "import-tree": "import-tree",
        "ned": "ned",
        "nix-darwin": "nix-darwin_2",
        "nix-effects": "nix-effects_2",
        "nixpkgs": "nixpkgs_2",
        "with-inputs": "with-inputs"
      }
    },
    "with-inputs": {
      "flake": false,
      "locked": {
        "lastModified": 1777938927,
        "narHash": "sha256-efneEYyUSQ7HOg/peGvfotb/P1N1+WWp10P1kMQSpe8=",
        "owner": "denful",
        "repo": "with-inputs",
        "rev": "e8729bdb4afb57fc72c2a7084a77a7ee09c7e38f",
        "type": "github"
      },
      "original": {
        "owner": "denful",
        "repo": "with-inputs",
        "type": "github"
      }
    }
  },
  "root": "root",
  "version": 7
}
